{"filter":false,"title":"Gemfile.lock","tooltip":"/hello_app/Gemfile.lock","undoManager":{"mark":-1,"position":-1,"stack":[]},"ace":{"folds":[],"scrolltop":0,"scrollleft":0,"selection":{"start":{"row":0,"column":0},"end":{"row":0,"column":0},"isBackwards":false},"options":{"guessTabSize":true,"useWrapMode":false,"wrapToView":true},"firstLineState":0},"timestamp":1578627886497,"hash":"3eaaa7ee25f11e68d7b0ed2574bcb97b7e435ed4"}